
Microsoft Visual Studio Solution File, Format Version 12.00
# Visual Studio Version 17
VisualStudioVersion = 17.3.32922.545
MinimumVisualStudioVersion = 10.0.40219.1
Project("{9A19103F-16F7-4668-BE54-9A1E7A4F7556}") = "TN.HealthPortal.Logic", "TN.HealthPortal.Logic\TN.HealthPortal.Logic.csproj", "{77553387-60EE-4939-8E6D-68B6A846BB41}"
EndProject
Project("{9A19103F-16F7-4668-BE54-9A1E7A4F7556}") = "TN.HealthPortal.Logic.Tests", "TN.HealthPortal.Logic.Tests\TN.HealthPortal.Logic.Tests.csproj", "{4DD2CE01-376B-4C4B-8B4F-80B4687DF73A}"
EndProject
Project("{9A19103F-16F7-4668-BE54-9A1E7A4F7556}") = "TN.HealthPortal.API", "TN.HealthPortal.API\TN.HealthPortal.API.csproj", "{563AD799-2D4C-4A6C-B9E7-B3C6E78384B7}"
EndProject
Project("{9A19103F-16F7-4668-BE54-9A1E7A4F7556}") = "TN.HealthPortal.Data.EF", "TN.HealthPortal.Data.EF\TN.HealthPortal.Data.EF.csproj", "{01A44C8F-73A8-4A65-BDA4-915A222BB560}"
EndProject
Project("{9A19103F-16F7-4668-BE54-9A1E7A4F7556}") = "TN.HealthPortal.Logic.DTOs", "TN.HealthPortal.Logic.DTOs\TN.HealthPortal.Logic.DTOs.csproj", "{A531DE82-AE2A-4969-A9D0-80B4A97DE050}"
EndProject
Project("{9A19103F-16F7-4668-BE54-9A1E7A4F7556}") = "TN.HealthPortal.Client", "TN.HealthPortal.Client\TN.HealthPortal.Client.csproj", "{5F978F2F-3045-4BAB-ABA9-5597300FA776}"
EndProject
Global
	GlobalSection(SolutionConfigurationPlatforms) = preSolution
		Debug|Any CPU = Debug|Any CPU
		Release|Any CPU = Release|Any CPU
	EndGlobalSection
	GlobalSection(ProjectConfigurationPlatforms) = postSolution
		{77553387-60EE-4939-8E6D-68B6A846BB41}.Debug|Any CPU.ActiveCfg = Debug|Any CPU
		{77553387-60EE-4939-8E6D-68B6A846BB41}.Debug|Any CPU.Build.0 = Debug|Any CPU
		{77553387-60EE-4939-8E6D-68B6A846BB41}.Release|Any CPU.ActiveCfg = Release|Any CPU
		{77553387-60EE-4939-8E6D-68B6A846BB41}.Release|Any CPU.Build.0 = Release|Any CPU
		{4DD2CE01-376B-4C4B-8B4F-80B4687DF73A}.Debug|Any CPU.ActiveCfg = Debug|Any CPU
		{4DD2CE01-376B-4C4B-8B4F-80B4687DF73A}.Debug|Any CPU.Build.0 = Debug|Any CPU
		{4DD2CE01-376B-4C4B-8B4F-80B4687DF73A}.Release|Any CPU.ActiveCfg = Release|Any CPU
		{4DD2CE01-376B-4C4B-8B4F-80B4687DF73A}.Release|Any CPU.Build.0 = Release|Any CPU
		{563AD799-2D4C-4A6C-B9E7-B3C6E78384B7}.Debug|Any CPU.ActiveCfg = Debug|Any CPU
		{563AD799-2D4C-4A6C-B9E7-B3C6E78384B7}.Debug|Any CPU.Build.0 = Debug|Any CPU
		{563AD799-2D4C-4A6C-B9E7-B3C6E78384B7}.Release|Any CPU.ActiveCfg = Release|Any CPU
		{563AD799-2D4C-4A6C-B9E7-B3C6E78384B7}.Release|Any CPU.Build.0 = Release|Any CPU
		{01A44C8F-73A8-4A65-BDA4-915A222BB560}.Debug|Any CPU.ActiveCfg = Debug|Any CPU
		{01A44C8F-73A8-4A65-BDA4-915A222BB560}.Debug|Any CPU.Build.0 = Debug|Any CPU
		{01A44C8F-73A8-4A65-BDA4-915A222BB560}.Release|Any CPU.ActiveCfg = Release|Any CPU
		{01A44C8F-73A8-4A65-BDA4-915A222BB560}.Release|Any CPU.Build.0 = Release|Any CPU
		{A531DE82-AE2A-4969-A9D0-80B4A97DE050}.Debug|Any CPU.ActiveCfg = Debug|Any CPU
		{A531DE82-AE2A-4969-A9D0-80B4A97DE050}.Debug|Any CPU.Build.0 = Debug|Any CPU
		{A531DE82-AE2A-4969-A9D0-80B4A97DE050}.Release|Any CPU.ActiveCfg = Release|Any CPU
		{A531DE82-AE2A-4969-A9D0-80B4A97DE050}.Release|Any CPU.Build.0 = Release|Any CPU
		{5F978F2F-3045-4BAB-ABA9-5597300FA776}.Debug|Any CPU.ActiveCfg = Debug|Any CPU
		{5F978F2F-3045-4BAB-ABA9-5597300FA776}.Debug|Any CPU.Build.0 = Debug|Any CPU
		{5F978F2F-3045-4BAB-ABA9-5597300FA776}.Release|Any CPU.ActiveCfg = Release|Any CPU
		{5F978F2F-3045-4BAB-ABA9-5597300FA776}.Release|Any CPU.Build.0 = Release|Any CPU
	EndGlobalSection
	GlobalSection(SolutionProperties) = preSolution
		HideSolutionNode = FALSE
	EndGlobalSection
	GlobalSection(ExtensibilityGlobals) = postSolution
		SolutionGuid = {C1ADC108-E0EB-42F4-A55B-407BEA3FEFE9}
	EndGlobalSection
EndGlobal
